// !$*UTF8*$!
{
	archiveVersion = 1;
	classes = {
	};
	objectVersion = 46;
	objects = {

/* Begin PBXBuildFile section */
		C7DD5C091BF6698F00995132 /* main.m in Sources */ = {isa = PBXBuildFile; fileRef = C7DD5C081BF6698F00995132 /* main.m */; };
		C7DD5C111BF66AAD00995132 /* PMOBSTNode.m in Sources */ = {isa = PBXBuildFile; fileRef = C7DD5C101BF66AAD00995132 /* PMOBSTNode.m */; };
		C7DD5C141BF66B2300995132 /* PMOBSTree.m in Sources */ = {isa = PBXBuildFile; fileRef = C7DD5C131BF66B2300995132 /* PMOBSTree.m */; };
/* End PBXBuildFile section */

/* Begin PBXCopyFilesBuildPhase section */
		C7DD5C031BF6698F00995132 /* CopyFiles */ = {
			isa = PBXCopyFilesBuildPhase;
			buildActionMask = 2147483647;
			dstPath = /usr/share/man/man1/;
			dstSubfolderSpec = 0;
			files = (
			);
			runOnlyForDeploymentPostprocessing = 1;
		};
/* End PBXCopyFilesBuildPhase section */

/* Begin PBXFileReference section */
		C7DD5C051BF6698F00995132 /* BinarySearchTreeFromFile */ = {isa = PBXFileReference; explicitFileType = "compiled.mach-o.executable"; includeInIndex = 0; path = BinarySearchTreeFromFile; sourceTree = BUILT_PRODUCTS_DIR; };
		C7DD5C081BF6698F00995132 /* main.m */ = {isa = PBXFileReference; lastKnownFileType = sourcecode.c.objc; path = main.m; sourceTree = "<group>"; };
		C7DD5C0F1BF66AAD00995132 /* PMOBSTNode.h */ = {isa = PBXFileReference; fileEncoding = 4; lastKnownFileType = sourcecode.c.h; path = PMOBSTNode.h; sourceTree = "<group>"; };
		C7DD5C101BF66AAD00995132 /* PMOBSTNode.m */ = {isa = PBXFileReference; fileEncoding = 4; lastKnownFileType = sourcecode.c.objc; path = PMOBSTNode.m; sourceTree = "<group>"; };
		C7DD5C121BF66B2300995132 /* PMOBSTree.h */ = {isa = PBXFileReference; fileEncoding = 4; lastKnownFileType = sourcecode.c.h; path = PMOBSTree.h; sourceTree = "<group>"; };
		C7DD5C131BF66B2300995132 /* PMOBSTree.m */ = {isa = PBXFileReference; fileEncoding = 4; lastKnownFileType = sourcecode.c.objc; path = PMOBSTree.m; sourceTree = "<group>"; };
/* End PBXFileReference section */

/* Begin PBXFrameworksBuildPhase section */
		C7DD5C021BF6698F00995132 /* Frameworks */ = {
			isa = PBXFrameworksBuildPhase;
			buildActionMask = 2147483647;
			files = (
			);
			runOnlyForDeploymentPostprocessing = 0;
		};
/* End PBXFrameworksBuildPhase section */

/* Begin PBXGroup section */
		C7DD5BFC1BF6698F00995132 = {
			isa = PBXGroup;
			children = (
				C7DD5C071BF6698F00995132 /* BinarySearchTreeFromFile */,
				C7DD5C061BF6698F00995132 /* Products */,
			);
			sourceTree = "<group>";
		};
		C7DD5C061BF6698F00995132 /* Products */ = {
			isa = PBXGroup;
			children = (
				C7DD5C051BF6698F00995132 /* BinarySearchTreeFromFile */,
			);
			name = Products;
			sourceTree = "<group>";
		};
		C7DD5C071BF6698F00995132 /* BinarySearchTreeFromFile */ = {
			isa = PBXGroup;
			children = (
				C7DD5C081BF6698F00995132 /* main.m */,
				C7DD5C121BF66B2300995132 /* PMOBSTree.h */,
				C7DD5C131BF66B2300995132 /* PMOBSTree.m */,
				C7DD5C0F1BF66AAD00995132 /* PMOBSTNode.h */,
				C7DD5C101BF66AAD00995132 /* PMOBSTNode.m */,
			);
			path = BinarySearchTreeFromFile;
			sourceTree = "<group>";
		};
/* End PBXGroup section */

/* Begin PBXNativeTarget section */
		C7DD5C041BF6698F00995132 /* BinarySearchTreeFromFile */ = {
			isa = PBXNativeTarget;
			buildConfigurationList = C7DD5C0C1BF6698F00995132 /* Build configuration list for PBXNativeTarget "BinarySearchTreeFromFile" */;
			buildPhases = (
				C7DD5C011BF6698F00995132 /* Sources */,
				C7DD5C021BF6698F00995132 /* Frameworks */,
				C7DD5C031BF6698F00995132 /* CopyFiles */,
			);
			buildRules = (
			);
			dependencies = (
			);
			name = BinarySearchTreeFromFile;
			productName = BinarySearchTreeFromFile;
			productReference = C7DD5C051BF6698F00995132 /* BinarySearchTreeFromFile */;
			productType = "com.apple.product-type.tool";
		};
/* End PBXNativeTarget section */

/* Begin PBXProject section */
		C7DD5BFD1BF6698F00995132 /* Project object */ = {
			isa = PBXProject;
			attributes = {
				LastUpgradeCheck = 0710;
				ORGANIZATIONNAME = "Peter Molnar";
				TargetAttributes = {
					C7DD5C041BF6698F00995132 = {
						CreatedOnToolsVersion = 7.1.1;
					};
				};
			};
			buildConfigurationList = C7DD5C001BF6698F00995132 /* Build configuration list for PBXProject "BinarySearchTreeFromFile" */;
			compatibilityVersion = "Xcode 3.2";
			developmentRegion = English;
			hasScannedForEncodings = 0;
			knownRegions = (
				en,
			);
			mainGroup = C7DD5BFC1BF6698F00995132;
			productRefGroup = C7DD5C061BF6698F00995132 /* Products */;
			projectDirPath = "";
			projectRoot = "";
			targets = (
				C7DD5C041BF6698F00995132 /* BinarySearchTreeFromFile */,
			);
		};
/* End PBXProject section */

/* Begin PBXSourcesBuildPhase section */
		C7DD5C011BF6698F00995132 /* Sources */ = {
			isa = PBXSourcesBuildPhase;
			buildActionMask = 2147483647;
			files = (
				C7DD5C111BF66AAD00995132 /* PMOBSTNode.m in Sources */,
				C7DD5C141BF66B2300995132 /* PMOBSTree.m in Sources */,
				C7DD5C091BF6698F00995132 /* main.m in Sources */,
			);
			runOnlyForDeploymentPostprocessing = 0;
		};
/* End PBXSourcesBuildPhase section */

/* Begin XCBuildConfiguration section */
		C7DD5C0A1BF6698F00995132 /* Debug */ = {
			isa = XCBuildConfiguration;
			buildSettings = {
				ALWAYS_SEARCH_USER_PATHS = NO;
				CLANG_CXX_LANGUAGE_STANDARD = "gnu++0x";
				CLANG_CXX_LIBRARY = "libc++";
				CLANG_ENABLE_MODULES = YES;
				CLANG_ENABLE_OBJC_ARC = YES;
				CLANG_WARN_BOOL_CONVERSION = YES;
				CLANG_WARN_CONSTANT_CONVERSION = YES;
				CLANG_WARN_DIRECT_OBJC_ISA_USAGE = YES_ERROR;
				CLANG_WARN_EMPTY_BODY = YES;
				CLANG_WARN_ENUM_CONVERSION = YES;
				CLANG_WARN_INT_CONVERSION = YES;
				CLANG_WARN_OBJC_ROOT_CLASS = YES_ERROR;
				CLANG_WARN_UNREACHABLE_CODE = YES;
				CLANG_WARN__DUPLICATE_METHOD_MATCH = YES;
				CODE_SIGN_IDENTITY = "-";
				COPY_PHASE_STRIP = NO;
				DEBUG_INFORMATION_FORMAT = dwarf;
				ENABLE_STRICT_OBJC_MSGSEND = YES;
				ENABLE_TESTABILITY = YES;
				GCC_C_LANGUAGE_STANDARD = gnu99;
				GCC_DYNAMIC_NO_PIC = NO;
				GCC_NO_COMMON_BLOCKS = YES;
				GCC_OPTIMIZATION_LEVEL = 0;
				GCC_PREPROCESSOR_DEFINITIONS = (
					"DEBUG=1",
					"$(inherited)",
				);
				GCC_WARN_64_TO_32_BIT_CONVERSION = YES;
				GCC_WARN_ABOUT_RETURN_TYPE = YES_ERROR;
				GCC_WARN_UNDECLARED_SELECTOR = YES;
				GCC_WARN_UNINITIALIZED_AUTOS = YES_AGGRESSIVE;
				GCC_WARN_UNUSED_FUNCTION = YES;
				GCC_WARN_UNUSED_VARIABLE = YES;
				MACOSX_DEPLOYMENT_TARGET = 10.11;
				MTL_ENABLE_DEBUG_INFO = YES;
				ONLY_ACTIVE_ARCH = YES;
				SDKROOT = macosx;
			};
			name = Debug;
		};
		C7DD5C0B1BF6698F00995132 /* Release */ = {
			isa = XCBuildConfiguration;
			buildSettings = {
				ALWAYS_SEARCH_USER_PATHS = NO;
				CLANG_CXX_LANGUAGE_STANDARD = "gnu++0x";
				CLANG_CXX_LIBRARY = "libc++";
				CLANG_ENABLE_MODULES = YES;
				CLANG_ENABLE_OBJC_ARC = YES;
				CLANG_WARN_BOOL_CONVERSION = YES;
				CLANG_WARN_CONSTANT_CONVERSION = YES;
				CLANG_WARN_DIRECT_OBJC_ISA_USAGE = YES_ERROR;
				CLANG_WARN_EMPTY_BODY = YES;
				CLANG_WARN_ENUM_CONVERSION = YES;
				CLANG_WARN_INT_CONVERSION = YES;
				CLANG_WARN_OBJC_ROOT_CLASS = YES_ERROR;
				CLANG_WARN_UNREACHABLE_CODE = YES;
				CLANG_WARN__DUPLICATE_METHOD_MATCH = YES;
				CODE_SIGN_IDENTITY = "-";
				COPY_PHASE_STRIP = NO;
				DEBUG_INFORMATION_FORMAT = "dwarf-with-dsym";
				ENABLE_NS_ASSERTIONS = NO;
				ENABLE_STRICT_OBJC_MSGSEND = YES;
				GCC_C_LANGUAGE_STANDARD = gnu99;
				GCC_NO_COMMON_BLOCKS = YES;
				GCC_WARN_64_TO_32_BIT_CONVERSION = YES;
				GCC_WARN_ABOUT_RETURN_TYPE = YES_ERROR;
				GCC_WARN_UNDECLARED_SELECTOR = YES;
				GCC_WARN_UNINITIALIZED_AUTOS = YES_AGGRESSIVE;
				GCC_WARN_UNUSED_FUNCTION = YES;
				GCC_WARN_UNUSED_VARIABLE = YES;
				MACOSX_DEPLOYMENT_TARGET = 10.11;
				MTL_ENABLE_DEBUG_INFO = NO;
				SDKROOT = macosx;
			};
			name = Release;
		};
		C7DD5C0D1BF6698F00995132 /* Debug */ = {
			isa = XCBuildConfiguration;
			buildSettings = {
				PRODUCT_NAME = "$(TARGET_NAME)";
			};
			name = Debug;
		};
		C7DD5C0E1BF6698F00995132 /* Release */ = {
			isa = XCBuildConfiguration;
			buildSettings = {
				PRODUCT_NAME = "$(TARGET_NAME)";
			};
			name = Release;
		};
/* End XCBuildConfiguration section */

/* Begin XCConfigurationList section */
		C7DD5C001BF6698F00995132 /* Build configuration list for PBXProject "BinarySearchTreeFromFile" */ = {
			isa = XCConfigurationList;
			buildConfigurations = (
				C7DD5C0A1BF6698F00995132 /* Debug */,
				C7DD5C0B1BF6698F00995132 /* Release */,
			);
			defaultConfigurationIsVisible = 0;
			defaultConfigurationName = Release;
		};
		C7DD5C0C1BF6698F00995132 /* Build configuration list for PBXNativeTarget "BinarySearchTreeFromFile" */ = {
			isa = XCConfigurationList;
			buildConfigurations = (
				C7DD5C0D1BF6698F00995132 /* Debug */,
				C7DD5C0E1BF6698F00995132 /* Release */,
			);
			defaultConfigurationIsVisible = 0;
		};
/* End XCConfigurationList section */
	};
	rootObject = C7DD5BFD1BF6698F00995132 /* Project object */;
}
